# This file was autogenerated by uv via the following command:
#    uv pip compile --universal --python-version 3.12 --generate-hashes --output-file requirements.lock requirements.in
et-xmlfile==2.0.0 \
    --hash=sha256:7a91720bc756843502c3b7504c77b8fe44217c85c537d85037f0f536151b2caa \
    --hash=sha256:dab3f4764309081ce75662649be815c4c9081e88f0837825f90fd28317d4da54
    # via openpyxl
openpyxl==3.1.5 \
    --hash=sha256:5282c12b107bffeef825f4617dc029afaf41d0ea60823bbb665ef3079dc79de2 \
    --hash=sha256:cf0e3cf56142039133628b5acffe8ef0c12bc902d2aadd3e0fe5878dc08d1050
    # via -r requirements.in
pyside6==6.10.3 \
    --hash=sha256:236a5f4782cbd821cdb92d76c3ff409e6197736bf328d18c483074a7d988793f \
    --hash=sha256:2d31695fcce3c89ffc621011c6409c0ba1930000d7172dea48994a7744205deb \
    --hash=sha256:36a12f000622e77ef0d98597d2640ae8775954ed900b578eacb6c9fca6cf78fb \
    --hash=sha256:c7847e4ae7b1aef1aad822ca7f175c2100c4f9f3af679125cbbdf2b364b32007 \
    --hash=sha256:cd6b5eb0ebaf950b5de1d5333b6bd4c94eeffb8f449b6257f259e263ab7781a5
    # via -r requirements.in
pyside6-addons==6.10.3 \
    --hash=sha256:2a23d7ba09deaa35dbcdd171eb4d6251147b6a197a6f4c647d8e6416706861d0 \
    --hash=sha256:9938da9ad0d47966cf2064e5d26536e8b6ebcca074c54b2e2bfd0648cd248962 \
    --hash=sha256:a9a53a824ba8429953345c89a2dd5dc65d1f1d7e88b6cf1b975a6ef4f4d9760f \
    --hash=sha256:b465b38d1ec3476a9197441fe6a62a1fac97c45a8094f11c2d7e318aee1e3fb3 \
    --hash=sha256:f2a2e3a7650cd1599996871da5bea76b7fb4b219bc2b4f7927739e86bc1fb9d9
    # via pyside6
pyside6-essentials==6.10.3 \
    --hash=sha256:051a70e2df79cf1c012a208ad82a98e8de23ca7fe3b0f3344d07152d15705b59 \
    --hash=sha256:5fb32b48010f513335a2166ac3df279c5996fb96402fd91a4875fc717fe55de0 \
    --hash=sha256:6f1b226930828caef622aef0f1fe718db54849b29102617bc978c0120368ed6b \
    --hash=sha256:8d7e2b826ac7f043dbfff487552c220517003927f6cfa14ab6a4824e8623a686 \
    --hash=sha256:f9124e2f4a4cedba83bea11f712b152093ff91be3512e17c64ffc4f43f02bddd
    # via
    #   pyside6
    #   pyside6-addons
shiboken6==6.10.3 \
    --hash=sha256:38261c88e87a1c32d1302b642b755470d2369c78af3c7d7d9e95d631f79b556c \
    --hash=sha256:3827489c2b3059541a71678916716f2867eeeac8724adb6f82de6e69d1b5cfe8 \
    --hash=sha256:49d08bff0c36edb839aca0a8059fd771c81b4a0770f38f374542aae03f860c07 \
    --hash=sha256:7f196245985bcf85d5c6d1cfd870f139484d5259c16e8a42deddacca0671bfbe \
    --hash=sha256:99e8ac3319a2c93a4a8f8bb4512d71a9d43bc9f226f094a80a728d6dcc3e4826
    # via
    #   pyside6
    #   pyside6-addons
    #   pyside6-essentials
